
Microsoft Visual Studio Solution File, Format Version 12.00
# Visual Studio 15
Project("{FAE04EC0-301F-11D3-BF4B-00C04F79EFBC}") = "xamarin_ios_mvp", "xamarin_ios_mvp\xamarin_ios_mvp.csproj", "{D7AB37A2-AA79-4B53-AEF5-B826AC3C0901}"
EndProject
Project("{FAE04EC0-301F-11D3-BF4B-00C04F79EFBC}") = "iosBinding", "iosBinding\iosBinding.csproj", "{D91B031E-9AA8-4812-9F64-F11241EF3C49}"
EndProject
Project("{FAE04EC0-301F-11D3-BF4B-00C04F79EFBC}") = "xamarin_business_logic", "..\xamarin_business_logic\xamarin_business_logic\xamarin_business_logic.csproj", "{D83FFCF9-5D11-4B26-BB3E-C2A4EB41E55E}"
EndProject
Global
	GlobalSection(SolutionConfigurationPlatforms) = preSolution
		Debug|iPhoneSimulator = Debug|iPhoneSimulator
		Release|iPhoneSimulator = Release|iPhoneSimulator
		Debug|iPhone = Debug|iPhone
		Release|iPhone = Release|iPhone
	EndGlobalSection
	GlobalSection(ProjectConfigurationPlatforms) = postSolution
		{D7AB37A2-AA79-4B53-AEF5-B826AC3C0901}.Debug|iPhoneSimulator.ActiveCfg = Debug|iPhoneSimulator
		{D7AB37A2-AA79-4B53-AEF5-B826AC3C0901}.Debug|iPhoneSimulator.Build.0 = Debug|iPhoneSimulator
		{D7AB37A2-AA79-4B53-AEF5-B826AC3C0901}.Release|iPhoneSimulator.ActiveCfg = Release|iPhoneSimulator
		{D7AB37A2-AA79-4B53-AEF5-B826AC3C0901}.Release|iPhoneSimulator.Build.0 = Release|iPhoneSimulator
		{D7AB37A2-AA79-4B53-AEF5-B826AC3C0901}.Debug|iPhone.ActiveCfg = Debug|iPhone
		{D7AB37A2-AA79-4B53-AEF5-B826AC3C0901}.Debug|iPhone.Build.0 = Debug|iPhone
		{D7AB37A2-AA79-4B53-AEF5-B826AC3C0901}.Release|iPhone.ActiveCfg = Release|iPhone
		{D7AB37A2-AA79-4B53-AEF5-B826AC3C0901}.Release|iPhone.Build.0 = Release|iPhone
		{D91B031E-9AA8-4812-9F64-F11241EF3C49}.Debug|iPhoneSimulator.ActiveCfg = Debug|Any CPU
		{D91B031E-9AA8-4812-9F64-F11241EF3C49}.Debug|iPhoneSimulator.Build.0 = Debug|Any CPU
		{D91B031E-9AA8-4812-9F64-F11241EF3C49}.Release|iPhoneSimulator.ActiveCfg = Release|Any CPU
		{D91B031E-9AA8-4812-9F64-F11241EF3C49}.Release|iPhoneSimulator.Build.0 = Release|Any CPU
		{D91B031E-9AA8-4812-9F64-F11241EF3C49}.Debug|iPhone.ActiveCfg = Debug|Any CPU
		{D91B031E-9AA8-4812-9F64-F11241EF3C49}.Debug|iPhone.Build.0 = Debug|Any CPU
		{D91B031E-9AA8-4812-9F64-F11241EF3C49}.Release|iPhone.ActiveCfg = Release|Any CPU
		{D91B031E-9AA8-4812-9F64-F11241EF3C49}.Release|iPhone.Build.0 = Release|Any CPU
		{D83FFCF9-5D11-4B26-BB3E-C2A4EB41E55E}.Debug|iPhoneSimulator.ActiveCfg = Debug|Any CPU
		{D83FFCF9-5D11-4B26-BB3E-C2A4EB41E55E}.Debug|iPhoneSimulator.Build.0 = Debug|Any CPU
		{D83FFCF9-5D11-4B26-BB3E-C2A4EB41E55E}.Release|iPhoneSimulator.ActiveCfg = Release|Any CPU
		{D83FFCF9-5D11-4B26-BB3E-C2A4EB41E55E}.Release|iPhoneSimulator.Build.0 = Release|Any CPU
		{D83FFCF9-5D11-4B26-BB3E-C2A4EB41E55E}.Debug|iPhone.ActiveCfg = Debug|Any CPU
		{D83FFCF9-5D11-4B26-BB3E-C2A4EB41E55E}.Debug|iPhone.Build.0 = Debug|Any CPU
		{D83FFCF9-5D11-4B26-BB3E-C2A4EB41E55E}.Release|iPhone.ActiveCfg = Release|Any CPU
		{D83FFCF9-5D11-4B26-BB3E-C2A4EB41E55E}.Release|iPhone.Build.0 = Release|Any CPU
	EndGlobalSection
EndGlobal
